
Microsoft Visual Studio Solution File, Format Version 12.00
# Visual Studio 15
VisualStudioVersion = 15.0.27703.2042
MinimumVisualStudioVersion = 10.0.40219.1
Project("{9A19103F-16F7-4668-BE54-9A1E7A4F7556}") = "SFood.ClientEndpoint.Host", "src\SFood.ClientEndpoint.Host\SFood.ClientEndpoint.Host.csproj", "{6C64880C-4A89-4735-8276-4B34743A9364}"
EndProject
Project("{9A19103F-16F7-4668-BE54-9A1E7A4F7556}") = "SFood.ClientEndpoint.Application", "src\SFood.ClientEndpoint.Application\SFood.ClientEndpoint.Application.csproj", "{1EB389C3-EF03-43DD-A26E-6E0C63385560}"
EndProject
Project("{9A19103F-16F7-4668-BE54-9A1E7A4F7556}") = "SFood.ClientEndpoint.Common", "src\SFood.ClientEndpoint.Common\SFood.ClientEndpoint.Common.csproj", "{A2FABBBE-778C-4BC9-87D7-3F2546D321D0}"
EndProject
Global
	GlobalSection(SolutionConfigurationPlatforms) = preSolution
		Debug|Any CPU = Debug|Any CPU
		Release|Any CPU = Release|Any CPU
	EndGlobalSection
	GlobalSection(ProjectConfigurationPlatforms) = postSolution
		{6C64880C-4A89-4735-8276-4B34743A9364}.Debug|Any CPU.ActiveCfg = Debug|Any CPU
		{6C64880C-4A89-4735-8276-4B34743A9364}.Debug|Any CPU.Build.0 = Debug|Any CPU
		{6C64880C-4A89-4735-8276-4B34743A9364}.Release|Any CPU.ActiveCfg = Release|Any CPU
		{6C64880C-4A89-4735-8276-4B34743A9364}.Release|Any CPU.Build.0 = Release|Any CPU
		{1EB389C3-EF03-43DD-A26E-6E0C63385560}.Debug|Any CPU.ActiveCfg = Debug|Any CPU
		{1EB389C3-EF03-43DD-A26E-6E0C63385560}.Debug|Any CPU.Build.0 = Debug|Any CPU
		{1EB389C3-EF03-43DD-A26E-6E0C63385560}.Release|Any CPU.ActiveCfg = Release|Any CPU
		{1EB389C3-EF03-43DD-A26E-6E0C63385560}.Release|Any CPU.Build.0 = Release|Any CPU
		{A2FABBBE-778C-4BC9-87D7-3F2546D321D0}.Debug|Any CPU.ActiveCfg = Debug|Any CPU
		{A2FABBBE-778C-4BC9-87D7-3F2546D321D0}.Debug|Any CPU.Build.0 = Debug|Any CPU
		{A2FABBBE-778C-4BC9-87D7-3F2546D321D0}.Release|Any CPU.ActiveCfg = Release|Any CPU
		{A2FABBBE-778C-4BC9-87D7-3F2546D321D0}.Release|Any CPU.Build.0 = Release|Any CPU
	EndGlobalSection
	GlobalSection(SolutionProperties) = preSolution
		HideSolutionNode = FALSE
	EndGlobalSection
	GlobalSection(ExtensibilityGlobals) = postSolution
		SolutionGuid = {CD125FC2-2AFC-4F2E-9E67-25BAE3E642A6}
	EndGlobalSection
EndGlobal
