
Microsoft Visual Studio Solution File, Format Version 12.00
# Visual Studio 15
VisualStudioVersion = 15.0.27703.2042
MinimumVisualStudioVersion = 10.0.40219.1
Project("{9A19103F-16F7-4668-BE54-9A1E7A4F7556}") = "SFood.MerchantEndpoint.Host", "src\SFood.MerchantEndpoint.Host\SFood.MerchantEndpoint.Host.csproj", "{6C64880C-4A89-4735-8276-4B34743A9364}"
EndProject
Project("{9A19103F-16F7-4668-BE54-9A1E7A4F7556}") = "SFood.MerchantEndpoint.Application", "src\SFood.MerchantEndpoint.Application\SFood.MerchantEndpoint.Application.csproj", "{1EB389C3-EF03-43DD-A26E-6E0C63385560}"
EndProject
Project("{9A19103F-16F7-4668-BE54-9A1E7A4F7556}") = "SFood.MerchantEndpoint.Common", "src\SFood.MerchantEndpoint.Common\SFood.MerchantEndpoint.Common.csproj", "{A2FABBBE-778C-4BC9-87D7-3F2546D321D0}"
EndProject
Project("{FAE04EC0-301F-11D3-BF4B-00C04F79EFBC}") = "SFood.MerchantEndpoint.Test", "test\SFood.MerchantEndpoint.Test\SFood.MerchantEndpoint.Test.csproj", "{A1FC34CC-1853-48D5-AC74-8DD4B10AA9F9}"
EndProject
Global
	GlobalSection(SolutionConfigurationPlatforms) = preSolution
		Debug|Any CPU = Debug|Any CPU
		Release|Any CPU = Release|Any CPU
	EndGlobalSection
	GlobalSection(ProjectConfigurationPlatforms) = postSolution
		{6C64880C-4A89-4735-8276-4B34743A9364}.Debug|Any CPU.ActiveCfg = Debug|Any CPU
		{6C64880C-4A89-4735-8276-4B34743A9364}.Debug|Any CPU.Build.0 = Debug|Any CPU
		{6C64880C-4A89-4735-8276-4B34743A9364}.Release|Any CPU.ActiveCfg = Release|Any CPU
		{6C64880C-4A89-4735-8276-4B34743A9364}.Release|Any CPU.Build.0 = Release|Any CPU
		{1EB389C3-EF03-43DD-A26E-6E0C63385560}.Debug|Any CPU.ActiveCfg = Debug|Any CPU
		{1EB389C3-EF03-43DD-A26E-6E0C63385560}.Debug|Any CPU.Build.0 = Debug|Any CPU
		{1EB389C3-EF03-43DD-A26E-6E0C63385560}.Release|Any CPU.ActiveCfg = Release|Any CPU
		{1EB389C3-EF03-43DD-A26E-6E0C63385560}.Release|Any CPU.Build.0 = Release|Any CPU
		{A2FABBBE-778C-4BC9-87D7-3F2546D321D0}.Debug|Any CPU.ActiveCfg = Debug|Any CPU
		{A2FABBBE-778C-4BC9-87D7-3F2546D321D0}.Debug|Any CPU.Build.0 = Debug|Any CPU
		{A2FABBBE-778C-4BC9-87D7-3F2546D321D0}.Release|Any CPU.ActiveCfg = Release|Any CPU
		{A2FABBBE-778C-4BC9-87D7-3F2546D321D0}.Release|Any CPU.Build.0 = Release|Any CPU
		{A1FC34CC-1853-48D5-AC74-8DD4B10AA9F9}.Debug|Any CPU.ActiveCfg = Debug|Any CPU
		{A1FC34CC-1853-48D5-AC74-8DD4B10AA9F9}.Debug|Any CPU.Build.0 = Debug|Any CPU
		{A1FC34CC-1853-48D5-AC74-8DD4B10AA9F9}.Release|Any CPU.ActiveCfg = Release|Any CPU
		{A1FC34CC-1853-48D5-AC74-8DD4B10AA9F9}.Release|Any CPU.Build.0 = Release|Any CPU
	EndGlobalSection
	GlobalSection(SolutionProperties) = preSolution
		HideSolutionNode = FALSE
	EndGlobalSection
	GlobalSection(ExtensibilityGlobals) = postSolution
		SolutionGuid = {CD125FC2-2AFC-4F2E-9E67-25BAE3E642A6}
	EndGlobalSection
EndGlobal
