
Microsoft Visual Studio Solution File, Format Version 12.00
# Visual Studio 15
VisualStudioVersion = 15.0.27703.2042
MinimumVisualStudioVersion = 10.0.40219.1
Project("{9A19103F-16F7-4668-BE54-9A1E7A4F7556}") = "SFood.BackendService.Entry", "src\SFood.BackendService.Entry\SFood.BackendService.Entry.csproj", "{9CE529D2-DF41-448F-A050-CF993FD02A83}"
EndProject
Project("{FAE04EC0-301F-11D3-BF4B-00C04F79EFBC}") = "SFood.BackendService.Application", "src\SFood.BackendService.Application\SFood.BackendService.Application.csproj", "{3A17F1DC-ACE5-45EE-B135-6142E9813E9D}"
EndProject
Project("{FAE04EC0-301F-11D3-BF4B-00C04F79EFBC}") = "SFood.BackendService.Common", "src\SFood.BackendService.Common\SFood.BackendService.Common.csproj", "{9672A6C7-A444-46F3-B64C-0462340C8EA6}"
EndProject
Global
	GlobalSection(SolutionConfigurationPlatforms) = preSolution
		Debug|Any CPU = Debug|Any CPU
		Release|Any CPU = Release|Any CPU
	EndGlobalSection
	GlobalSection(ProjectConfigurationPlatforms) = postSolution
		{9CE529D2-DF41-448F-A050-CF993FD02A83}.Debug|Any CPU.ActiveCfg = Debug|Any CPU
		{9CE529D2-DF41-448F-A050-CF993FD02A83}.Debug|Any CPU.Build.0 = Debug|Any CPU
		{9CE529D2-DF41-448F-A050-CF993FD02A83}.Release|Any CPU.ActiveCfg = Release|Any CPU
		{9CE529D2-DF41-448F-A050-CF993FD02A83}.Release|Any CPU.Build.0 = Release|Any CPU
		{3A17F1DC-ACE5-45EE-B135-6142E9813E9D}.Debug|Any CPU.ActiveCfg = Debug|Any CPU
		{3A17F1DC-ACE5-45EE-B135-6142E9813E9D}.Debug|Any CPU.Build.0 = Debug|Any CPU
		{3A17F1DC-ACE5-45EE-B135-6142E9813E9D}.Release|Any CPU.ActiveCfg = Release|Any CPU
		{3A17F1DC-ACE5-45EE-B135-6142E9813E9D}.Release|Any CPU.Build.0 = Release|Any CPU
		{9672A6C7-A444-46F3-B64C-0462340C8EA6}.Debug|Any CPU.ActiveCfg = Debug|Any CPU
		{9672A6C7-A444-46F3-B64C-0462340C8EA6}.Debug|Any CPU.Build.0 = Debug|Any CPU
		{9672A6C7-A444-46F3-B64C-0462340C8EA6}.Release|Any CPU.ActiveCfg = Release|Any CPU
		{9672A6C7-A444-46F3-B64C-0462340C8EA6}.Release|Any CPU.Build.0 = Release|Any CPU
	EndGlobalSection
	GlobalSection(SolutionProperties) = preSolution
		HideSolutionNode = FALSE
	EndGlobalSection
	GlobalSection(ExtensibilityGlobals) = postSolution
		SolutionGuid = {A0432560-D6CE-4C84-8DDF-99928202D501}
	EndGlobalSection
EndGlobal
