
Microsoft Visual Studio Solution File, Format Version 12.00
# Visual Studio 15
VisualStudioVersion = 15.0.27703.2042
MinimumVisualStudioVersion = 10.0.40219.1
Project("{9A19103F-16F7-4668-BE54-9A1E7A4F7556}") = "SFood.BusinessInfo.Host", "src\SFood.BusinessInfo.Host\SFood.BusinessInfo.Host.csproj", "{27E024A2-6F17-4C43-AFB2-EF68B94DFA90}"
EndProject
Project("{9A19103F-16F7-4668-BE54-9A1E7A4F7556}") = "SFood.BusinessInfo.Common", "src\SFood.BusinessInfo.Common\SFood.BusinessInfo.Common.csproj", "{D66893BA-B24C-44D2-A9CE-85430AB68B6E}"
EndProject
Project("{9A19103F-16F7-4668-BE54-9A1E7A4F7556}") = "SFood.BusinessInfo.Application", "src\SFood.BusinessInfo.Application\SFood.BusinessInfo.Application.csproj", "{55CA6AEF-EF36-4DD9-A183-DCBB5965C9F2}"
EndProject
Global
	GlobalSection(SolutionConfigurationPlatforms) = preSolution
		Debug|Any CPU = Debug|Any CPU
		Release|Any CPU = Release|Any CPU
	EndGlobalSection
	GlobalSection(ProjectConfigurationPlatforms) = postSolution
		{27E024A2-6F17-4C43-AFB2-EF68B94DFA90}.Debug|Any CPU.ActiveCfg = Debug|Any CPU
		{27E024A2-6F17-4C43-AFB2-EF68B94DFA90}.Debug|Any CPU.Build.0 = Debug|Any CPU
		{27E024A2-6F17-4C43-AFB2-EF68B94DFA90}.Release|Any CPU.ActiveCfg = Release|Any CPU
		{27E024A2-6F17-4C43-AFB2-EF68B94DFA90}.Release|Any CPU.Build.0 = Release|Any CPU
		{D66893BA-B24C-44D2-A9CE-85430AB68B6E}.Debug|Any CPU.ActiveCfg = Debug|Any CPU
		{D66893BA-B24C-44D2-A9CE-85430AB68B6E}.Debug|Any CPU.Build.0 = Debug|Any CPU
		{D66893BA-B24C-44D2-A9CE-85430AB68B6E}.Release|Any CPU.ActiveCfg = Release|Any CPU
		{D66893BA-B24C-44D2-A9CE-85430AB68B6E}.Release|Any CPU.Build.0 = Release|Any CPU
		{55CA6AEF-EF36-4DD9-A183-DCBB5965C9F2}.Debug|Any CPU.ActiveCfg = Debug|Any CPU
		{55CA6AEF-EF36-4DD9-A183-DCBB5965C9F2}.Debug|Any CPU.Build.0 = Debug|Any CPU
		{55CA6AEF-EF36-4DD9-A183-DCBB5965C9F2}.Release|Any CPU.ActiveCfg = Release|Any CPU
		{55CA6AEF-EF36-4DD9-A183-DCBB5965C9F2}.Release|Any CPU.Build.0 = Release|Any CPU
	EndGlobalSection
	GlobalSection(SolutionProperties) = preSolution
		HideSolutionNode = FALSE
	EndGlobalSection
	GlobalSection(ExtensibilityGlobals) = postSolution
		SolutionGuid = {1C7A78E8-1536-466C-9E8B-FAE52702A78E}
	EndGlobalSection
EndGlobal
