
Microsoft Visual Studio Solution File, Format Version 12.00
Project("{FAE04EC0-301F-11D3-BF4B-00C04F79EFBC}") = "OPPO.MO.Workflow.Engine", "OPPO.MO.Workflow.Engine\OPPO.MO.Workflow.Engine.csproj", "{0129966B-FB1E-47BB-9750-AF777DD2AA4E}"
EndProject
Global
	GlobalSection(SolutionConfigurationPlatforms) = preSolution
		Debug|Any CPU = Debug|Any CPU
		Release|Any CPU = Release|Any CPU
	EndGlobalSection
	GlobalSection(ProjectConfigurationPlatforms) = postSolution
		{0129966B-FB1E-47BB-9750-AF777DD2AA4E}.Debug|Any CPU.ActiveCfg = Debug|Any CPU
		{0129966B-FB1E-47BB-9750-AF777DD2AA4E}.Debug|Any CPU.Build.0 = Debug|Any CPU
		{0129966B-FB1E-47BB-9750-AF777DD2AA4E}.Release|Any CPU.ActiveCfg = Release|Any CPU
		{0129966B-FB1E-47BB-9750-AF777DD2AA4E}.Release|Any CPU.Build.0 = Release|Any CPU
	EndGlobalSection
EndGlobal
