
Microsoft Visual Studio Solution File, Format Version 12.00
# Visual Studio 15
VisualStudioVersion = 15.0.27703.2042
MinimumVisualStudioVersion = 10.0.40219.1
Project("{9A19103F-16F7-4668-BE54-9A1E7A4F7556}") = "SFood.Auth.Host", "src\SFood.Auth.Host\SFood.Auth.Host.csproj", "{C86FB047-892F-4D66-BA82-60445F2B4553}"
EndProject
Project("{FAE04EC0-301F-11D3-BF4B-00C04F79EFBC}") = "SFood.Auth.Common", "src\SFood.Auth.Common\SFood.Auth.Common.csproj", "{7703D9A1-5342-46E8-A69D-0BB37AC2C02B}"
EndProject
Global
	GlobalSection(SolutionConfigurationPlatforms) = preSolution
		Debug|Any CPU = Debug|Any CPU
		Release|Any CPU = Release|Any CPU
	EndGlobalSection
	GlobalSection(ProjectConfigurationPlatforms) = postSolution
		{C86FB047-892F-4D66-BA82-60445F2B4553}.Debug|Any CPU.ActiveCfg = Debug|Any CPU
		{C86FB047-892F-4D66-BA82-60445F2B4553}.Debug|Any CPU.Build.0 = Debug|Any CPU
		{C86FB047-892F-4D66-BA82-60445F2B4553}.Release|Any CPU.ActiveCfg = Release|Any CPU
		{C86FB047-892F-4D66-BA82-60445F2B4553}.Release|Any CPU.Build.0 = Release|Any CPU
		{7703D9A1-5342-46E8-A69D-0BB37AC2C02B}.Debug|Any CPU.ActiveCfg = Debug|Any CPU
		{7703D9A1-5342-46E8-A69D-0BB37AC2C02B}.Debug|Any CPU.Build.0 = Debug|Any CPU
		{7703D9A1-5342-46E8-A69D-0BB37AC2C02B}.Release|Any CPU.ActiveCfg = Release|Any CPU
		{7703D9A1-5342-46E8-A69D-0BB37AC2C02B}.Release|Any CPU.Build.0 = Release|Any CPU
	EndGlobalSection
	GlobalSection(SolutionProperties) = preSolution
		HideSolutionNode = FALSE
	EndGlobalSection
	GlobalSection(ExtensibilityGlobals) = postSolution
		SolutionGuid = {FD977003-2D26-4426-A97B-950A6AE9ADFB}
	EndGlobalSection
EndGlobal
